
Microsoft Visual Studio Solution File, Format Version 12.00
# Visual Studio Version 17
VisualStudioVersion = 17.13.35913.81 d17.13
MinimumVisualStudioVersion = 10.0.40219.1
Project("{FAE04EC0-301F-11D3-BF4B-00C04F79EFBC}") = "BlackJackGame", "BlackJackGame\BlackJackGame.csproj", "{CA22189A-FC98-47A8-910E-0D3136E2BA8E}"
EndProject
Global
	GlobalSection(SolutionConfigurationPlatforms) = preSolution
		Debug|Any CPU = Debug|Any CPU
		Release|Any CPU = Release|Any CPU
	EndGlobalSection
	GlobalSection(ProjectConfigurationPlatforms) = postSolution
		{CA22189A-FC98-47A8-910E-0D3136E2BA8E}.Debug|Any CPU.ActiveCfg = Debug|Any CPU
		{CA22189A-FC98-47A8-910E-0D3136E2BA8E}.Debug|Any CPU.Build.0 = Debug|Any CPU
		{CA22189A-FC98-47A8-910E-0D3136E2BA8E}.Release|Any CPU.ActiveCfg = Release|Any CPU
		{CA22189A-FC98-47A8-910E-0D3136E2BA8E}.Release|Any CPU.Build.0 = Release|Any CPU
	EndGlobalSection
	GlobalSection(SolutionProperties) = preSolution
		HideSolutionNode = FALSE
	EndGlobalSection
	GlobalSection(ExtensibilityGlobals) = postSolution
		SolutionGuid = {A1899DF8-AA2B-4F52-8FEB-FA16BB3C9A19}
	EndGlobalSection
EndGlobal
